<?xml version="1.0" encoding="utf-8"?>
<Project ToolsVersion="4.0" xmlns="http://schemas.microsoft.com/developer/msbuild/2003">
  <ItemGroup>
    <Filter Include="Source Files">
      <UniqueIdentifier>{4FC737F1-C7A5-4376-A066-2A32D752A2FF}</UniqueIdentifier>
      <Extensions>cpp;c;cc;cxx;c++;cppm;ixx;def;odl;idl;hpj;bat;asm;asmx</Extensions>
    </Filter>
    <Filter Include="Header Files">
      <UniqueIdentifier>{93995380-89BD-4b04-88EB-625FBE52EBFB}</UniqueIdentifier>
      <Extensions>h;hh;hpp;hxx;h++;hm;inl;inc;ipp;xsd</Extensions>
    </Filter>
    <Filter Include="Resource Files">
      <UniqueIdentifier>{67DA6AB6-F800-4c08-8B7A-83BB121AAD01}</UniqueIdentifier>
      <Extensions>rc;ico;cur;bmp;dlg;rc2;rct;bin;rgs;gif;jpg;jpeg;jpe;resx;tiff;tif;png;wav;mfcribbon-ms</Extensions>
    </Filter>
  </ItemGroup>
  <ItemGroup>
    <ClInclude Include="Map.h">
      <Filter>Header Files</Filter>
    </ClInclude>
    <ClInclude Include="Image.h">
      <Filter>Header Files</Filter>
    </ClInclude>
    <ClInclude Include="DisparityMap.h">
      <Filter>Header Files</Filter>
    </ClInclude>
    <ClInclude Include="LightField.h">
      <Filter>Header Files</Filter>
    </ClInclude>
    <ClInclude Include="PointProjectionImage.h">
      <Filter>Header Files</Filter>
    </ClInclude>
    <ClInclude Include="MathUtils.h">
      <Filter>Header Files</Filter>
    </ClInclude>
    <ClInclude Include="GsImage.h">
      <Filter>Header Files</Filter>
    </ClInclude>
    <ClInclude Include="StructureTensorEstimator.h">
      <Filter>Header Files</Filter>
    </ClInclude>
    <ClInclude Include="DiffKernelType.h">
      <Filter>Header Files</Filter>
    </ClInclude>
    <ClInclude Include="NormalMaps.h">
      <Filter>Header Files</Filter>
    </ClInclude>
    <ClInclude Include="json.h">
      <Filter>Header Files</Filter>
    </ClInclude>
    <ClInclude Include="TestOADR.h">
      <Filter>Header Files</Filter>
    </ClInclude>
    <ClInclude Include="Parameters.h">
      <Filter>Header Files</Filter>
    </ClInclude>
  </ItemGroup>
  <ItemGroup>
    <ClCompile Include="Map.cpp">
      <Filter>Source Files</Filter>
    </ClCompile>
    <ClCompile Include="Source.cpp">
      <Filter>Source Files</Filter>
    </ClCompile>
    <ClCompile Include="Image.cpp">
      <Filter>Source Files</Filter>
    </ClCompile>
    <ClCompile Include="DisparityMap.cpp">
      <Filter>Source Files</Filter>
    </ClCompile>
    <ClCompile Include="LightField.cpp">
      <Filter>Source Files</Filter>
    </ClCompile>
    <ClCompile Include="PointProjectionImage.cpp">
      <Filter>Source Files</Filter>
    </ClCompile>
    <ClCompile Include="MathUtils.cpp">
      <Filter>Source Files</Filter>
    </ClCompile>
    <ClCompile Include="IterativeDisparityImprovement.h">
      <Filter>Header Files</Filter>
    </ClCompile>
    <ClCompile Include="IterativeDisparityImprovement.cpp">
      <Filter>Source Files</Filter>
    </ClCompile>
    <ClCompile Include="GsImage.cpp">
      <Filter>Source Files</Filter>
    </ClCompile>
    <ClCompile Include="Map1d.h">
      <Filter>Header Files</Filter>
    </ClCompile>
    <ClCompile Include="Map1d.cpp">
      <Filter>Source Files</Filter>
    </ClCompile>
    <ClCompile Include="StructureTensorEstimator.cpp">
      <Filter>Source Files</Filter>
    </ClCompile>
    <ClCompile Include="DiffKernelType.cpp">
      <Filter>Source Files</Filter>
    </ClCompile>
    <ClCompile Include="NormalMaps.cpp">
      <Filter>Source Files</Filter>
    </ClCompile>
    <ClCompile Include="TestOADR.cpp">
      <Filter>Source Files</Filter>
    </ClCompile>
  </ItemGroup>
  <ItemGroup>
    <None Include="config.json">
      <Filter>Source Files</Filter>
    </None>
    <None Include="gridSearch.json">
      <Filter>Source Files</Filter>
    </None>
    <None Include="README.md" />
  </ItemGroup>
</Project>